dependencies:
- name: global-templates
  repository: file://../global-templates
  version: 1.12.0
- name: common
  repository: https://charts.bitnami.com/bitnami
  version: 2.27.0
digest: sha256:a6b6865cf429302eab367389f9b912eab2e3f8a4315b8580c520af38cf389055
generated: "2025-10-21T13:22:51.247781+03:00"
